
Microsoft Visual Studio Solution File, Format Version 12.00
# Visual Studio Version 17
VisualStudioVersion = 17.3.32825.248
MinimumVisualStudioVersion = 10.0.40219.1
Project("{FAE04EC0-301F-11D3-BF4B-00C04F79EFBC}") = "Lab5_Task2", "Lab5_Task2.csproj", "{46A24AC0-A89C-4C71-A64A-ABA618431CEF}"
EndProject
Global
	GlobalSection(SolutionConfigurationPlatforms) = preSolution
		Debug|Any CPU = Debug|Any CPU
		Release|Any CPU = Release|Any CPU
	EndGlobalSection
	GlobalSection(ProjectConfigurationPlatforms) = postSolution
		{46A24AC0-A89C-4C71-A64A-ABA618431CEF}.Debug|Any CPU.ActiveCfg = Debug|Any CPU
		{46A24AC0-A89C-4C71-A64A-ABA618431CEF}.Debug|Any CPU.Build.0 = Debug|Any CPU
		{46A24AC0-A89C-4C71-A64A-ABA618431CEF}.Release|Any CPU.ActiveCfg = Release|Any CPU
		{46A24AC0-A89C-4C71-A64A-ABA618431CEF}.Release|Any CPU.Build.0 = Release|Any CPU
	EndGlobalSection
	GlobalSection(SolutionProperties) = preSolution
		HideSolutionNode = FALSE
	EndGlobalSection
	GlobalSection(ExtensibilityGlobals) = postSolution
		SolutionGuid = {A949782C-6C6E-4996-961E-A357E6D40278}
	EndGlobalSection
EndGlobal
